
Microsoft Visual Studio Solution File, Format Version 12.00
# Visual Studio Version 17
VisualStudioVersion = 17.7.34221.43
MinimumVisualStudioVersion = 10.0.40219.1
Project("{54A90642-561A-4BB1-A94E-469ADEE60C69}") = "food_delivery", "food_delivery.esproj", "{A00B60F2-57B1-4290-A70F-C9785EEB80F1}"
EndProject
Global
	GlobalSection(SolutionConfigurationPlatforms) = preSolution
		Debug|Any CPU = Debug|Any CPU
		Release|Any CPU = Release|Any CPU
	EndGlobalSection
	GlobalSection(ProjectConfigurationPlatforms) = postSolution
		{A00B60F2-57B1-4290-A70F-C9785EEB80F1}.Debug|Any CPU.ActiveCfg = Debug|Any CPU
		{A00B60F2-57B1-4290-A70F-C9785EEB80F1}.Debug|Any CPU.Build.0 = Debug|Any CPU
		{A00B60F2-57B1-4290-A70F-C9785EEB80F1}.Debug|Any CPU.Deploy.0 = Debug|Any CPU
		{A00B60F2-57B1-4290-A70F-C9785EEB80F1}.Release|Any CPU.ActiveCfg = Release|Any CPU
		{A00B60F2-57B1-4290-A70F-C9785EEB80F1}.Release|Any CPU.Build.0 = Release|Any CPU
		{A00B60F2-57B1-4290-A70F-C9785EEB80F1}.Release|Any CPU.Deploy.0 = Release|Any CPU
	EndGlobalSection
	GlobalSection(SolutionProperties) = preSolution
		HideSolutionNode = FALSE
	EndGlobalSection
	GlobalSection(ExtensibilityGlobals) = postSolution
		SolutionGuid = {FA3B1915-7CA8-4666-9A41-40230278416E}
	EndGlobalSection
EndGlobal
